Microsoft Visual Studio Solution File, Format Version 12.00
# Visual Studio Version 17
VisualStudioVersion = 17.5.2.0
MinimumVisualStudioVersion = 10.0.40219.1
Project("{2150E333-8FDC-42A3-9474-1A3956D46DE8}") = "01-RestfulAPI", "01-RestfulAPI", "{D9562470-A96E-D0B2-D76C-280B4B7FE126}"
EndProject
Project("{FAE04EC0-301F-11D3-BF4B-00C04F79EFBC}") = "Memes.Api", "01-RestfulAPI\Memes.Api\Memes.Api.csproj", "{A18ED71F-A077-DC92-D139-4E62A734A8F0}"
EndProject
Global
	GlobalSection(SolutionConfigurationPlatforms) = preSolution
		Debug|Any CPU = Debug|Any CPU
		Release|Any CPU = Release|Any CPU
	EndGlobalSection
	GlobalSection(ProjectConfigurationPlatforms) = postSolution
		{A18ED71F-A077-DC92-D139-4E62A734A8F0}.Debug|Any CPU.ActiveCfg = Debug|Any CPU
		{A18ED71F-A077-DC92-D139-4E62A734A8F0}.Debug|Any CPU.Build.0 = Debug|Any CPU
		{A18ED71F-A077-DC92-D139-4E62A734A8F0}.Release|Any CPU.ActiveCfg = Release|Any CPU
		{A18ED71F-A077-DC92-D139-4E62A734A8F0}.Release|Any CPU.Build.0 = Release|Any CPU
	EndGlobalSection
	GlobalSection(SolutionProperties) = preSolution
		HideSolutionNode = FALSE
	EndGlobalSection
	GlobalSection(NestedProjects) = preSolution
		{A18ED71F-A077-DC92-D139-4E62A734A8F0} = {D9562470-A96E-D0B2-D76C-280B4B7FE126}
	EndGlobalSection
	GlobalSection(ExtensibilityGlobals) = postSolution
		SolutionGuid = {272ECF03-840F-4CB6-90AF-3F687017B82B}
	EndGlobalSection
EndGlobal
